
Microsoft Visual Studio Solution File, Format Version 12.00
# Visual Studio Version 17
VisualStudioVersion = 17.8.34330.188
MinimumVisualStudioVersion = 10.0.40219.1
Project("{9A19103F-16F7-4668-BE54-9A1E7A4F7556}") = "Core", "ProbTheory\Core.csproj", "{6CEB4BC1-0D9A-4FF5-B29A-9D01B9718B9F}"
EndProject
Project("{9A19103F-16F7-4668-BE54-9A1E7A4F7556}") = "Lab1", "Lab1\Lab1.csproj", "{98BFB670-9209-4E1A-BC74-70EF2BB0029F}"
EndProject
Project("{FAE04EC0-301F-11D3-BF4B-00C04F79EFBC}") = "Lab2", "Lab2\Lab2.csproj", "{4CB0D18B-9D5B-4842-8D7B-8C400DE1A649}"
EndProject
Project("{FAE04EC0-301F-11D3-BF4B-00C04F79EFBC}") = "Lab3", "Lab3\Lab3.csproj", "{6553035A-6896-4D7B-A87A-5F60359EDAA5}"
EndProject
Project("{FAE04EC0-301F-11D3-BF4B-00C04F79EFBC}") = "Lab4", "Lab4\Lab4.csproj", "{D91778CA-479B-4167-A78E-E657311A0B36}"
EndProject
Global
	GlobalSection(SolutionConfigurationPlatforms) = preSolution
		Debug|Any CPU = Debug|Any CPU
		Debug|x64 = Debug|x64
		Debug|x86 = Debug|x86
		Release|Any CPU = Release|Any CPU
		Release|x64 = Release|x64
		Release|x86 = Release|x86
	EndGlobalSection
	GlobalSection(ProjectConfigurationPlatforms) = postSolution
		{6CEB4BC1-0D9A-4FF5-B29A-9D01B9718B9F}.Debug|Any CPU.ActiveCfg = Debug|Any CPU
		{6CEB4BC1-0D9A-4FF5-B29A-9D01B9718B9F}.Debug|Any CPU.Build.0 = Debug|Any CPU
		{6CEB4BC1-0D9A-4FF5-B29A-9D01B9718B9F}.Debug|x64.ActiveCfg = Debug|Any CPU
		{6CEB4BC1-0D9A-4FF5-B29A-9D01B9718B9F}.Debug|x64.Build.0 = Debug|Any CPU
		{6CEB4BC1-0D9A-4FF5-B29A-9D01B9718B9F}.Debug|x86.ActiveCfg = Debug|Any CPU
		{6CEB4BC1-0D9A-4FF5-B29A-9D01B9718B9F}.Debug|x86.Build.0 = Debug|Any CPU
		{6CEB4BC1-0D9A-4FF5-B29A-9D01B9718B9F}.Release|Any CPU.ActiveCfg = Release|Any CPU
		{6CEB4BC1-0D9A-4FF5-B29A-9D01B9718B9F}.Release|Any CPU.Build.0 = Release|Any CPU
		{6CEB4BC1-0D9A-4FF5-B29A-9D01B9718B9F}.Release|x64.ActiveCfg = Release|Any CPU
		{6CEB4BC1-0D9A-4FF5-B29A-9D01B9718B9F}.Release|x64.Build.0 = Release|Any CPU
		{6CEB4BC1-0D9A-4FF5-B29A-9D01B9718B9F}.Release|x86.ActiveCfg = Release|Any CPU
		{6CEB4BC1-0D9A-4FF5-B29A-9D01B9718B9F}.Release|x86.Build.0 = Release|Any CPU
		{98BFB670-9209-4E1A-BC74-70EF2BB0029F}.Debug|Any CPU.ActiveCfg = Debug|Any CPU
		{98BFB670-9209-4E1A-BC74-70EF2BB0029F}.Debug|Any CPU.Build.0 = Debug|Any CPU
		{98BFB670-9209-4E1A-BC74-70EF2BB0029F}.Debug|x64.ActiveCfg = Debug|Any CPU
		{98BFB670-9209-4E1A-BC74-70EF2BB0029F}.Debug|x64.Build.0 = Debug|Any CPU
		{98BFB670-9209-4E1A-BC74-70EF2BB0029F}.Debug|x86.ActiveCfg = Debug|Any CPU
		{98BFB670-9209-4E1A-BC74-70EF2BB0029F}.Debug|x86.Build.0 = Debug|Any CPU
		{98BFB670-9209-4E1A-BC74-70EF2BB0029F}.Release|Any CPU.ActiveCfg = Release|Any CPU
		{98BFB670-9209-4E1A-BC74-70EF2BB0029F}.Release|Any CPU.Build.0 = Release|Any CPU
		{98BFB670-9209-4E1A-BC74-70EF2BB0029F}.Release|x64.ActiveCfg = Release|Any CPU
		{98BFB670-9209-4E1A-BC74-70EF2BB0029F}.Release|x64.Build.0 = Release|Any CPU
		{98BFB670-9209-4E1A-BC74-70EF2BB0029F}.Release|x86.ActiveCfg = Release|Any CPU
		{98BFB670-9209-4E1A-BC74-70EF2BB0029F}.Release|x86.Build.0 = Release|Any CPU
		{4CB0D18B-9D5B-4842-8D7B-8C400DE1A649}.Debug|Any CPU.ActiveCfg = Debug|Any CPU
		{4CB0D18B-9D5B-4842-8D7B-8C400DE1A649}.Debug|Any CPU.Build.0 = Debug|Any CPU
		{4CB0D18B-9D5B-4842-8D7B-8C400DE1A649}.Debug|x64.ActiveCfg = Debug|Any CPU
		{4CB0D18B-9D5B-4842-8D7B-8C400DE1A649}.Debug|x64.Build.0 = Debug|Any CPU
		{4CB0D18B-9D5B-4842-8D7B-8C400DE1A649}.Debug|x86.ActiveCfg = Debug|Any CPU
		{4CB0D18B-9D5B-4842-8D7B-8C400DE1A649}.Debug|x86.Build.0 = Debug|Any CPU
		{4CB0D18B-9D5B-4842-8D7B-8C400DE1A649}.Release|Any CPU.ActiveCfg = Release|Any CPU
		{4CB0D18B-9D5B-4842-8D7B-8C400DE1A649}.Release|Any CPU.Build.0 = Release|Any CPU
		{4CB0D18B-9D5B-4842-8D7B-8C400DE1A649}.Release|x64.ActiveCfg = Release|Any CPU
		{4CB0D18B-9D5B-4842-8D7B-8C400DE1A649}.Release|x64.Build.0 = Release|Any CPU
		{4CB0D18B-9D5B-4842-8D7B-8C400DE1A649}.Release|x86.ActiveCfg = Release|Any CPU
		{4CB0D18B-9D5B-4842-8D7B-8C400DE1A649}.Release|x86.Build.0 = Release|Any CPU
		{6553035A-6896-4D7B-A87A-5F60359EDAA5}.Debug|Any CPU.ActiveCfg = Debug|Any CPU
		{6553035A-6896-4D7B-A87A-5F60359EDAA5}.Debug|Any CPU.Build.0 = Debug|Any CPU
		{6553035A-6896-4D7B-A87A-5F60359EDAA5}.Debug|x64.ActiveCfg = Debug|Any CPU
		{6553035A-6896-4D7B-A87A-5F60359EDAA5}.Debug|x64.Build.0 = Debug|Any CPU
		{6553035A-6896-4D7B-A87A-5F60359EDAA5}.Debug|x86.ActiveCfg = Debug|Any CPU
		{6553035A-6896-4D7B-A87A-5F60359EDAA5}.Debug|x86.Build.0 = Debug|Any CPU
		{6553035A-6896-4D7B-A87A-5F60359EDAA5}.Release|Any CPU.ActiveCfg = Release|Any CPU
		{6553035A-6896-4D7B-A87A-5F60359EDAA5}.Release|Any CPU.Build.0 = Release|Any CPU
		{6553035A-6896-4D7B-A87A-5F60359EDAA5}.Release|x64.ActiveCfg = Release|Any CPU
		{6553035A-6896-4D7B-A87A-5F60359EDAA5}.Release|x64.Build.0 = Release|Any CPU
		{6553035A-6896-4D7B-A87A-5F60359EDAA5}.Release|x86.ActiveCfg = Release|Any CPU
		{6553035A-6896-4D7B-A87A-5F60359EDAA5}.Release|x86.Build.0 = Release|Any CPU
		{D91778CA-479B-4167-A78E-E657311A0B36}.Debug|Any CPU.ActiveCfg = Debug|Any CPU
		{D91778CA-479B-4167-A78E-E657311A0B36}.Debug|Any CPU.Build.0 = Debug|Any CPU
		{D91778CA-479B-4167-A78E-E657311A0B36}.Debug|x64.ActiveCfg = Debug|Any CPU
		{D91778CA-479B-4167-A78E-E657311A0B36}.Debug|x64.Build.0 = Debug|Any CPU
		{D91778CA-479B-4167-A78E-E657311A0B36}.Debug|x86.ActiveCfg = Debug|Any CPU
		{D91778CA-479B-4167-A78E-E657311A0B36}.Debug|x86.Build.0 = Debug|Any CPU
		{D91778CA-479B-4167-A78E-E657311A0B36}.Release|Any CPU.ActiveCfg = Release|Any CPU
		{D91778CA-479B-4167-A78E-E657311A0B36}.Release|Any CPU.Build.0 = Release|Any CPU
		{D91778CA-479B-4167-A78E-E657311A0B36}.Release|x64.ActiveCfg = Release|Any CPU
		{D91778CA-479B-4167-A78E-E657311A0B36}.Release|x64.Build.0 = Release|Any CPU
		{D91778CA-479B-4167-A78E-E657311A0B36}.Release|x86.ActiveCfg = Release|Any CPU
		{D91778CA-479B-4167-A78E-E657311A0B36}.Release|x86.Build.0 = Release|Any CPU
	EndGlobalSection
	GlobalSection(SolutionProperties) = preSolution
		HideSolutionNode = FALSE
	EndGlobalSection
	GlobalSection(ExtensibilityGlobals) = postSolution
		SolutionGuid = {C6F81165-0D67-41AB-A918-84BAD3EDE044}
	EndGlobalSection
EndGlobal
